
Microsoft Visual Studio Solution File, Format Version 12.00
# Visual Studio 15
VisualStudioVersion = 15.0.28010.2019
MinimumVisualStudioVersion = 10.0.40219.1
Project("{FAE04EC0-301F-11D3-BF4B-00C04F79EFBC}") = "WpfApp3", "WpfApp3\WpfApp3.csproj", "{43423973-AD37-4656-A6B8-BC8AD9C82342}"
EndProject
Global
	GlobalSection(SolutionConfigurationPlatforms) = preSolution
		Debug|Any CPU = Debug|Any CPU
		Release|Any CPU = Release|Any CPU
	EndGlobalSection
	GlobalSection(ProjectConfigurationPlatforms) = postSolution
		{43423973-AD37-4656-A6B8-BC8AD9C82342}.Debug|Any CPU.ActiveCfg = Debug|Any CPU
		{43423973-AD37-4656-A6B8-BC8AD9C82342}.Debug|Any CPU.Build.0 = Debug|Any CPU
		{43423973-AD37-4656-A6B8-BC8AD9C82342}.Release|Any CPU.ActiveCfg = Release|Any CPU
		{43423973-AD37-4656-A6B8-BC8AD9C82342}.Release|Any CPU.Build.0 = Release|Any CPU
	EndGlobalSection
	GlobalSection(SolutionProperties) = preSolution
		HideSolutionNode = FALSE
	EndGlobalSection
	GlobalSection(ExtensibilityGlobals) = postSolution
		SolutionGuid = {D2D4208A-6646-47DC-9371-31E41B3E8C83}
	EndGlobalSection
EndGlobal
